
Microsoft Visual Studio Solution File, Format Version 12.00
# Visual Studio 15
VisualStudioVersion = 15.0.28307.489
MinimumVisualStudioVersion = 10.0.40219.1
Project("{FAE04EC0-301F-11D3-BF4B-00C04F79EFBC}") = "ooad-t1-z2", "ooad-t1-z2\ooad-t1-z2.csproj", "{BB0BDD59-BC9C-4BD1-8BD7-C191886BA8B3}"
EndProject
Global
	GlobalSection(SolutionConfigurationPlatforms) = preSolution
		Debug|Any CPU = Debug|Any CPU
		Release|Any CPU = Release|Any CPU
	EndGlobalSection
	GlobalSection(ProjectConfigurationPlatforms) = postSolution
		{BB0BDD59-BC9C-4BD1-8BD7-C191886BA8B3}.Debug|Any CPU.ActiveCfg = Debug|Any CPU
		{BB0BDD59-BC9C-4BD1-8BD7-C191886BA8B3}.Debug|Any CPU.Build.0 = Debug|Any CPU
		{BB0BDD59-BC9C-4BD1-8BD7-C191886BA8B3}.Release|Any CPU.ActiveCfg = Release|Any CPU
		{BB0BDD59-BC9C-4BD1-8BD7-C191886BA8B3}.Release|Any CPU.Build.0 = Release|Any CPU
	EndGlobalSection
	GlobalSection(SolutionProperties) = preSolution
		HideSolutionNode = FALSE
	EndGlobalSection
	GlobalSection(ExtensibilityGlobals) = postSolution
		SolutionGuid = {60843ED3-CCBD-4F9D-9585-1D17EE49E25C}
	EndGlobalSection
EndGlobal
